
Microsoft Visual Studio Solution File, Format Version 12.00
# Visual Studio 15
VisualStudioVersion = 15.0.28010.2016
MinimumVisualStudioVersion = 10.0.40219.1
Project("{FAE04EC0-301F-11D3-BF4B-00C04F79EFBC}") = "Chantier", "Chantier\Chantier.csproj", "{B851B13E-80B6-4E41-986D-D747F799C039}"
EndProject
Global
	GlobalSection(SolutionConfigurationPlatforms) = preSolution
		Debug|Any CPU = Debug|Any CPU
		Release|Any CPU = Release|Any CPU
	EndGlobalSection
	GlobalSection(ProjectConfigurationPlatforms) = postSolution
		{B851B13E-80B6-4E41-986D-D747F799C039}.Debug|Any CPU.ActiveCfg = Debug|Any CPU
		{B851B13E-80B6-4E41-986D-D747F799C039}.Debug|Any CPU.Build.0 = Debug|Any CPU
		{B851B13E-80B6-4E41-986D-D747F799C039}.Release|Any CPU.ActiveCfg = Release|Any CPU
		{B851B13E-80B6-4E41-986D-D747F799C039}.Release|Any CPU.Build.0 = Release|Any CPU
	EndGlobalSection
	GlobalSection(SolutionProperties) = preSolution
		HideSolutionNode = FALSE
	EndGlobalSection
	GlobalSection(ExtensibilityGlobals) = postSolution
		SolutionGuid = {DD7665BD-3C19-49AF-B31F-D398D16FE4B0}
	EndGlobalSection
EndGlobal
