
Microsoft Visual Studio Solution File, Format Version 12.00
# Visual Studio 15
VisualStudioVersion = 15.0.28010.2016
MinimumVisualStudioVersion = 10.0.40219.1
Project("{FAE04EC0-301F-11D3-BF4B-00C04F79EFBC}") = "Chantier", "Chantier\Chantier.csproj", "{BAB8EDFD-E4BF-45FB-915A-2970CE9BA051}"
EndProject
Project("{FAE04EC0-301F-11D3-BF4B-00C04F79EFBC}") = "ClassLibrary", "ClassLibrary\ClassLibrary.csproj", "{3EE218A0-5368-4E9A-BB88-68E8E5D50651}"
EndProject
Project("{FAE04EC0-301F-11D3-BF4B-00C04F79EFBC}") = "UnitTestChantier", "UnitTestChantier\UnitTestChantier.csproj", "{949AB845-E381-4279-9195-DAA27189D983}"
EndProject
Global
	GlobalSection(SolutionConfigurationPlatforms) = preSolution
		Debug|Any CPU = Debug|Any CPU
		Release|Any CPU = Release|Any CPU
	EndGlobalSection
	GlobalSection(ProjectConfigurationPlatforms) = postSolution
		{BAB8EDFD-E4BF-45FB-915A-2970CE9BA051}.Debug|Any CPU.ActiveCfg = Debug|Any CPU
		{BAB8EDFD-E4BF-45FB-915A-2970CE9BA051}.Debug|Any CPU.Build.0 = Debug|Any CPU
		{BAB8EDFD-E4BF-45FB-915A-2970CE9BA051}.Release|Any CPU.ActiveCfg = Release|Any CPU
		{BAB8EDFD-E4BF-45FB-915A-2970CE9BA051}.Release|Any CPU.Build.0 = Release|Any CPU
		{3EE218A0-5368-4E9A-BB88-68E8E5D50651}.Debug|Any CPU.ActiveCfg = Debug|Any CPU
		{3EE218A0-5368-4E9A-BB88-68E8E5D50651}.Debug|Any CPU.Build.0 = Debug|Any CPU
		{3EE218A0-5368-4E9A-BB88-68E8E5D50651}.Release|Any CPU.ActiveCfg = Release|Any CPU
		{3EE218A0-5368-4E9A-BB88-68E8E5D50651}.Release|Any CPU.Build.0 = Release|Any CPU
		{949AB845-E381-4279-9195-DAA27189D983}.Debug|Any CPU.ActiveCfg = Debug|Any CPU
		{949AB845-E381-4279-9195-DAA27189D983}.Debug|Any CPU.Build.0 = Debug|Any CPU
		{949AB845-E381-4279-9195-DAA27189D983}.Release|Any CPU.ActiveCfg = Release|Any CPU
		{949AB845-E381-4279-9195-DAA27189D983}.Release|Any CPU.Build.0 = Release|Any CPU
	EndGlobalSection
	GlobalSection(SolutionProperties) = preSolution
		HideSolutionNode = FALSE
	EndGlobalSection
	GlobalSection(ExtensibilityGlobals) = postSolution
		SolutionGuid = {78DD6080-3B59-484E-BA51-1BA31E09D22F}
	EndGlobalSection
EndGlobal
