
Microsoft Visual Studio Solution File, Format Version 12.00
# Visual Studio 15
VisualStudioVersion = 15.0.28010.2016
MinimumVisualStudioVersion = 10.0.40219.1
Project("{FAE04EC0-301F-11D3-BF4B-00C04F79EFBC}") = "Chantier", "Chantier\Chantier.csproj", "{B851B13E-80B6-4E41-986D-D747F799C039}"
EndProject
Project("{FAE04EC0-301F-11D3-BF4B-00C04F79EFBC}") = "UnitTestChantier", "UnitTestProject1\UnitTestChantier.csproj", "{C3450378-1CCA-4907-B0DB-576C02902A76}"
EndProject
Project("{FAE04EC0-301F-11D3-BF4B-00C04F79EFBC}") = "ClassLibrary", "ClassLibrary\ClassLibrary.csproj", "{82109CFA-738A-4FD5-989F-F2BDBC3C59FE}"
EndProject
Global
	GlobalSection(SolutionConfigurationPlatforms) = preSolution
		Debug|Any CPU = Debug|Any CPU
		Debug|ARM = Debug|ARM
		Debug|x64 = Debug|x64
		Debug|x86 = Debug|x86
		Release|Any CPU = Release|Any CPU
		Release|ARM = Release|ARM
		Release|x64 = Release|x64
		Release|x86 = Release|x86
	EndGlobalSection
	GlobalSection(ProjectConfigurationPlatforms) = postSolution
		{B851B13E-80B6-4E41-986D-D747F799C039}.Debug|Any CPU.ActiveCfg = Debug|Any CPU
		{B851B13E-80B6-4E41-986D-D747F799C039}.Debug|Any CPU.Build.0 = Debug|Any CPU
		{B851B13E-80B6-4E41-986D-D747F799C039}.Debug|ARM.ActiveCfg = Debug|Any CPU
		{B851B13E-80B6-4E41-986D-D747F799C039}.Debug|ARM.Build.0 = Debug|Any CPU
		{B851B13E-80B6-4E41-986D-D747F799C039}.Debug|x64.ActiveCfg = Debug|Any CPU
		{B851B13E-80B6-4E41-986D-D747F799C039}.Debug|x64.Build.0 = Debug|Any CPU
		{B851B13E-80B6-4E41-986D-D747F799C039}.Debug|x86.ActiveCfg = Debug|Any CPU
		{B851B13E-80B6-4E41-986D-D747F799C039}.Debug|x86.Build.0 = Debug|Any CPU
		{B851B13E-80B6-4E41-986D-D747F799C039}.Release|Any CPU.ActiveCfg = Release|Any CPU
		{B851B13E-80B6-4E41-986D-D747F799C039}.Release|Any CPU.Build.0 = Release|Any CPU
		{B851B13E-80B6-4E41-986D-D747F799C039}.Release|ARM.ActiveCfg = Release|Any CPU
		{B851B13E-80B6-4E41-986D-D747F799C039}.Release|ARM.Build.0 = Release|Any CPU
		{B851B13E-80B6-4E41-986D-D747F799C039}.Release|x64.ActiveCfg = Release|Any CPU
		{B851B13E-80B6-4E41-986D-D747F799C039}.Release|x64.Build.0 = Release|Any CPU
		{B851B13E-80B6-4E41-986D-D747F799C039}.Release|x86.ActiveCfg = Release|Any CPU
		{B851B13E-80B6-4E41-986D-D747F799C039}.Release|x86.Build.0 = Release|Any CPU
		{C3450378-1CCA-4907-B0DB-576C02902A76}.Debug|Any CPU.ActiveCfg = Debug|Any CPU
		{C3450378-1CCA-4907-B0DB-576C02902A76}.Debug|Any CPU.Build.0 = Debug|Any CPU
		{C3450378-1CCA-4907-B0DB-576C02902A76}.Debug|ARM.ActiveCfg = Debug|Any CPU
		{C3450378-1CCA-4907-B0DB-576C02902A76}.Debug|ARM.Build.0 = Debug|Any CPU
		{C3450378-1CCA-4907-B0DB-576C02902A76}.Debug|x64.ActiveCfg = Debug|Any CPU
		{C3450378-1CCA-4907-B0DB-576C02902A76}.Debug|x64.Build.0 = Debug|Any CPU
		{C3450378-1CCA-4907-B0DB-576C02902A76}.Debug|x86.ActiveCfg = Debug|Any CPU
		{C3450378-1CCA-4907-B0DB-576C02902A76}.Debug|x86.Build.0 = Debug|Any CPU
		{C3450378-1CCA-4907-B0DB-576C02902A76}.Release|Any CPU.ActiveCfg = Release|Any CPU
		{C3450378-1CCA-4907-B0DB-576C02902A76}.Release|Any CPU.Build.0 = Release|Any CPU
		{C3450378-1CCA-4907-B0DB-576C02902A76}.Release|ARM.ActiveCfg = Release|Any CPU
		{C3450378-1CCA-4907-B0DB-576C02902A76}.Release|ARM.Build.0 = Release|Any CPU
		{C3450378-1CCA-4907-B0DB-576C02902A76}.Release|x64.ActiveCfg = Release|Any CPU
		{C3450378-1CCA-4907-B0DB-576C02902A76}.Release|x64.Build.0 = Release|Any CPU
		{C3450378-1CCA-4907-B0DB-576C02902A76}.Release|x86.ActiveCfg = Release|Any CPU
		{C3450378-1CCA-4907-B0DB-576C02902A76}.Release|x86.Build.0 = Release|Any CPU
		{82109CFA-738A-4FD5-989F-F2BDBC3C59FE}.Debug|Any CPU.ActiveCfg = Debug|Any CPU
		{82109CFA-738A-4FD5-989F-F2BDBC3C59FE}.Debug|Any CPU.Build.0 = Debug|Any CPU
		{82109CFA-738A-4FD5-989F-F2BDBC3C59FE}.Debug|ARM.ActiveCfg = Debug|Any CPU
		{82109CFA-738A-4FD5-989F-F2BDBC3C59FE}.Debug|ARM.Build.0 = Debug|Any CPU
		{82109CFA-738A-4FD5-989F-F2BDBC3C59FE}.Debug|x64.ActiveCfg = Debug|Any CPU
		{82109CFA-738A-4FD5-989F-F2BDBC3C59FE}.Debug|x64.Build.0 = Debug|Any CPU
		{82109CFA-738A-4FD5-989F-F2BDBC3C59FE}.Debug|x86.ActiveCfg = Debug|Any CPU
		{82109CFA-738A-4FD5-989F-F2BDBC3C59FE}.Debug|x86.Build.0 = Debug|Any CPU
		{82109CFA-738A-4FD5-989F-F2BDBC3C59FE}.Release|Any CPU.ActiveCfg = Release|Any CPU
		{82109CFA-738A-4FD5-989F-F2BDBC3C59FE}.Release|Any CPU.Build.0 = Release|Any CPU
		{82109CFA-738A-4FD5-989F-F2BDBC3C59FE}.Release|ARM.ActiveCfg = Release|Any CPU
		{82109CFA-738A-4FD5-989F-F2BDBC3C59FE}.Release|ARM.Build.0 = Release|Any CPU
		{82109CFA-738A-4FD5-989F-F2BDBC3C59FE}.Release|x64.ActiveCfg = Release|Any CPU
		{82109CFA-738A-4FD5-989F-F2BDBC3C59FE}.Release|x64.Build.0 = Release|Any CPU
		{82109CFA-738A-4FD5-989F-F2BDBC3C59FE}.Release|x86.ActiveCfg = Release|Any CPU
		{82109CFA-738A-4FD5-989F-F2BDBC3C59FE}.Release|x86.Build.0 = Release|Any CPU
	EndGlobalSection
	GlobalSection(SolutionProperties) = preSolution
		HideSolutionNode = FALSE
	EndGlobalSection
	GlobalSection(ExtensibilityGlobals) = postSolution
		SolutionGuid = {DD7665BD-3C19-49AF-B31F-D398D16FE4B0}
	EndGlobalSection
EndGlobal
